
Microsoft Visual Studio Solution File, Format Version 12.00
# Visual Studio Version 17
VisualStudioVersion = 17.0.32014.148
MinimumVisualStudioVersion = 10.0.40219.1
Project("{FAE04EC0-301F-11D3-BF4B-00C04F79EFBC}") = "Odev1", "Odev1.csproj", "{16AC3EE0-36C1-44AB-B745-0F01BD287239}"
EndProject
Global
	GlobalSection(SolutionConfigurationPlatforms) = preSolution
		Debug|Any CPU = Debug|Any CPU
		Release|Any CPU = Release|Any CPU
	EndGlobalSection
	GlobalSection(ProjectConfigurationPlatforms) = postSolution
		{16AC3EE0-36C1-44AB-B745-0F01BD287239}.Debug|Any CPU.ActiveCfg = Debug|Any CPU
		{16AC3EE0-36C1-44AB-B745-0F01BD287239}.Debug|Any CPU.Build.0 = Debug|Any CPU
		{16AC3EE0-36C1-44AB-B745-0F01BD287239}.Release|Any CPU.ActiveCfg = Release|Any CPU
		{16AC3EE0-36C1-44AB-B745-0F01BD287239}.Release|Any CPU.Build.0 = Release|Any CPU
	EndGlobalSection
	GlobalSection(SolutionProperties) = preSolution
		HideSolutionNode = FALSE
	EndGlobalSection
	GlobalSection(ExtensibilityGlobals) = postSolution
		SolutionGuid = {A0288742-84C1-48CC-849F-720B9349840F}
	EndGlobalSection
EndGlobal
