
Microsoft Visual Studio Solution File, Format Version 12.00
# Visual Studio Version 17
VisualStudioVersion = 17.0.32014.148
MinimumVisualStudioVersion = 10.0.40219.1
Project("{FAE04EC0-301F-11D3-BF4B-00C04F79EFBC}") = "db_connection", "db_connection.csproj", "{827FD07A-081F-432D-AC1E-F23DF993E520}"
EndProject
Project("{FAE04EC0-301F-11D3-BF4B-00C04F79EFBC}") = "Entities", "..\Entities\Entities.csproj", "{4DD2EFDC-7762-4DD4-8284-C15B2F6806AB}"
EndProject
Project("{FAE04EC0-301F-11D3-BF4B-00C04F79EFBC}") = "DAL", "..\DAL\DAL.csproj", "{C91A9C3F-8D5D-4635-8F56-50409646E9EE}"
EndProject
Global
	GlobalSection(SolutionConfigurationPlatforms) = preSolution
		Debug|Any CPU = Debug|Any CPU
		Release|Any CPU = Release|Any CPU
	EndGlobalSection
	GlobalSection(ProjectConfigurationPlatforms) = postSolution
		{827FD07A-081F-432D-AC1E-F23DF993E520}.Debug|Any CPU.ActiveCfg = Debug|Any CPU
		{827FD07A-081F-432D-AC1E-F23DF993E520}.Debug|Any CPU.Build.0 = Debug|Any CPU
		{827FD07A-081F-432D-AC1E-F23DF993E520}.Release|Any CPU.ActiveCfg = Release|Any CPU
		{827FD07A-081F-432D-AC1E-F23DF993E520}.Release|Any CPU.Build.0 = Release|Any CPU
		{4DD2EFDC-7762-4DD4-8284-C15B2F6806AB}.Debug|Any CPU.ActiveCfg = Debug|Any CPU
		{4DD2EFDC-7762-4DD4-8284-C15B2F6806AB}.Debug|Any CPU.Build.0 = Debug|Any CPU
		{4DD2EFDC-7762-4DD4-8284-C15B2F6806AB}.Release|Any CPU.ActiveCfg = Release|Any CPU
		{4DD2EFDC-7762-4DD4-8284-C15B2F6806AB}.Release|Any CPU.Build.0 = Release|Any CPU
		{C91A9C3F-8D5D-4635-8F56-50409646E9EE}.Debug|Any CPU.ActiveCfg = Debug|Any CPU
		{C91A9C3F-8D5D-4635-8F56-50409646E9EE}.Debug|Any CPU.Build.0 = Debug|Any CPU
		{C91A9C3F-8D5D-4635-8F56-50409646E9EE}.Release|Any CPU.ActiveCfg = Release|Any CPU
		{C91A9C3F-8D5D-4635-8F56-50409646E9EE}.Release|Any CPU.Build.0 = Release|Any CPU
	EndGlobalSection
	GlobalSection(SolutionProperties) = preSolution
		HideSolutionNode = FALSE
	EndGlobalSection
	GlobalSection(ExtensibilityGlobals) = postSolution
		SolutionGuid = {A0866526-B10A-4E57-A078-0B95E1746F80}
	EndGlobalSection
EndGlobal
